github.com/Zensey/slog v1.0.1-0.20200720031627-bc8ac5187edc h1:gW76tOsRQ5GonBguCgKxpD3FWx1hFTpQXpbjoHrxxKY=
github.com/Zensey/slog v1.0.1-0.20200720031627-bc8ac5187edc/go.mod h1:TGDwR0bfBzIji2TUSf+3NNKWOP0H1p3hDK3W2GBhveQ=
github.com/pion/stun v0.3.5 h1:uLUCBCkQby4S1cf6CGuR9QrVOKcvUwFeemaC865QHDg=
github.com/pion/stun v0.3.5/go.mod h1:gDMim+47EeEtfWogA37n6qXZS88L5V6LqFcf+DZA2UA=
