# This file is autogenerated, do not edit; changes may be undone by the next 'dep ensure'.


[[projects]]
  digest = "1:0deddd908b6b4b768cfc272c16ee61e7088a60f7fe2f06c547bd3d8e1f8b8e77"
  name = "github.com/davecgh/go-spew"
  packages = ["spew"]
  pruneopts = ""
  revision = "8991bc29aa16c548c550c7ff78260e27b9ab7c73"
  version = "v1.1.1"

[[projects]]
  digest = "1:0366b920e401e5fe9c9bc1e1d5b0d58b79af8c9c88b292c1db11d13a29ed9f28"
  name = "github.com/go-redis/redis"
  packages = [
    ".",
    "internal",
    "internal/consistenthash",
    "internal/hashtag",
    "internal/pool",
    "internal/proto",
    "internal/singleflight",
    "internal/util",
  ]
  pruneopts = ""
  revision = "b3d9bf10f6666b2ee5100a6f3f84f4caf3b4e37d"
  version = "v6.14.2"

[[projects]]
  digest = "1:4611e727460d3634059cbe6e0a4799aaeb426ef8150e3b26056c83e1106831c4"
  name = "github.com/jmoiron/sqlx"
  packages = [
    ".",
    "reflectx",
  ]
  pruneopts = ""
  revision = "d161d7a76b5661016ad0b085869f77fd410f3e6a"
  version = "v1.2.0"

[[projects]]
  digest = "1:29145d7af4adafd72a79df5e41456ac9e232d5a28c1cd4dacf3ff008a217fc10"
  name = "github.com/lib/pq"
  packages = [
    ".",
    "oid",
  ]
  pruneopts = ""
  revision = "4ded0e9383f75c197b3a2aaa6d590ac52df6fd79"
  version = "v1.0.0"

[[projects]]
  digest = "1:256484dbbcd271f9ecebc6795b2df8cad4c458dd0f5fd82a8c2fa0c29f233411"
  name = "github.com/pmezard/go-difflib"
  packages = ["difflib"]
  pruneopts = ""
  revision = "792786c7400a136282c1664665ae0a8db921c6c2"
  version = "v1.0.0"

[[projects]]
  digest = "1:c587772fb8ad29ad4db67575dad25ba17a51f072ff18a22b4f0257a4d9c24f75"
  name = "github.com/stretchr/testify"
  packages = ["assert"]
  pruneopts = ""
  revision = "f35b8ab0b5a2cef36673838d662e249dd9c94686"
  version = "v1.2.2"

[solve-meta]
  analyzer-name = "dep"
  analyzer-version = 1
  input-imports = [
    "github.com/go-redis/redis",
    "github.com/jmoiron/sqlx",
    "github.com/lib/pq",
    "github.com/stretchr/testify/assert",
  ]
  solver-name = "gps-cdcl"
  solver-version = 1
