# This file is autogenerated, do not edit; changes may be undone by the next 'dep ensure'.



[[projects]]
  branch = "master"
  name = "github.com/nfnt/resize"
  packages = ["."]
  revision = "83c6a9932646f83e3267f353373d47347b6036b2"

[solve-meta]
  analyzer-name = "dep"
  analyzer-version = 1
  inputs-digest = "91a836fd58a7f832001f0cbcadf9732e2314f8af4cce744ebae11772f8e824db"
  solver-name = "gps-cdcl"
  solver-version = 1
